
Microsoft Visual Studio Solution File, Format Version 12.00
# Visual Studio Version 16
VisualStudioVersion = 16.0.31410.357
MinimumVisualStudioVersion = 10.0.40219.1
Project("{FAE04EC0-301F-11D3-BF4B-00C04F79EFBC}") = "NETChallenge", "NETChallenge\NETChallenge.csproj", "{B9AC60EA-1600-4FCE-8DC0-48DA82088D10}"
EndProject
Project("{FAE04EC0-301F-11D3-BF4B-00C04F79EFBC}") = "TestProject", "TestProject\TestProject.csproj", "{3AD92C5B-4238-4DE2-8161-2EF11D872EB0}"
EndProject
Global
	GlobalSection(SolutionConfigurationPlatforms) = preSolution
		Debug|Any CPU = Debug|Any CPU
		Release|Any CPU = Release|Any CPU
	EndGlobalSection
	GlobalSection(ProjectConfigurationPlatforms) = postSolution
		{B9AC60EA-1600-4FCE-8DC0-48DA82088D10}.Debug|Any CPU.ActiveCfg = Debug|Any CPU
		{B9AC60EA-1600-4FCE-8DC0-48DA82088D10}.Debug|Any CPU.Build.0 = Debug|Any CPU
		{B9AC60EA-1600-4FCE-8DC0-48DA82088D10}.Release|Any CPU.ActiveCfg = Release|Any CPU
		{B9AC60EA-1600-4FCE-8DC0-48DA82088D10}.Release|Any CPU.Build.0 = Release|Any CPU
		{3AD92C5B-4238-4DE2-8161-2EF11D872EB0}.Debug|Any CPU.ActiveCfg = Debug|Any CPU
		{3AD92C5B-4238-4DE2-8161-2EF11D872EB0}.Debug|Any CPU.Build.0 = Debug|Any CPU
		{3AD92C5B-4238-4DE2-8161-2EF11D872EB0}.Release|Any CPU.ActiveCfg = Release|Any CPU
		{3AD92C5B-4238-4DE2-8161-2EF11D872EB0}.Release|Any CPU.Build.0 = Release|Any CPU
	EndGlobalSection
	GlobalSection(SolutionProperties) = preSolution
		HideSolutionNode = FALSE
	EndGlobalSection
	GlobalSection(ExtensibilityGlobals) = postSolution
		SolutionGuid = {D672F911-2D7C-4955-960C-B39BDDFA55D3}
	EndGlobalSection
EndGlobal
